// !$*UTF8*$!
{
	archiveVersion = 1;
	classes = {
	};
	objectVersion = 77;
	objects = {

/* Begin PBXBuildFile section */
		B30671CB2CA5D2A8007B22BB /* MedicationController.swift in Sources */ = {isa = PBXBuildFile; fileRef = B30671CA2CA5D2A8007B22BB /* MedicationController.swift */; };
		B30671CD2CA5D2CC007B22BB /* AddMedicationController.swift in Sources */ = {isa = PBXBuildFile; fileRef = B30671CC2CA5D2CC007B22BB /* AddMedicationController.swift */; };
		B30671D02CA5D2E2007B22BB /* Day.swift in Sources */ = {isa = PBXBuildFile; fileRef = B30671CF2CA5D2E2007B22BB /* Day.swift */; };
		B30671D32CA5D35E007B22BB /* DaysPickerView.swift in Sources */ = {isa = PBXBuildFile; fileRef = B30671D22CA5D35E007B22BB /* DaysPickerView.swift */; };
		B30671D72CA6D1AD007B22BB /* Medication.swift in Sources */ = {isa = PBXBuildFile; fileRef = B30671D62CA6D1AD007B22BB /* Medication.swift */; };
		B31620432CA1F215001CDC90 /* InitController.swift in Sources */ = {isa = PBXBuildFile; fileRef = B31620422CA1F215001CDC90 /* InitController.swift */; };
		B3A80F942CA565AD00397948 /* DataManager.swift in Sources */ = {isa = PBXBuildFile; fileRef = B392C37A2CA55ECD00594563 /* DataManager.swift */; };
		B3A80F962CA585A000397948 /* HeartDataViewController.swift in Sources */ = {isa = PBXBuildFile; fileRef = B3A80F952CA585A000397948 /* HeartDataViewController.swift */; };
		B3A80F9B2CA587A700397948 /* DGCharts in Frameworks */ = {isa = PBXBuildFile; productRef = B3A80F9A2CA587A700397948 /* DGCharts */; };
		B3C882912CA5479E000D5754 /* User.swift in Sources */ = {isa = PBXBuildFile; fileRef = B3C882902CA5479E000D5754 /* User.swift */; };
		B3CE5B032C70C232006C2452 /* AppDelegate.swift in Sources */ = {isa = PBXBuildFile; fileRef = B3CE5B022C70C232006C2452 /* AppDelegate.swift */; };
		B3CE5B052C70C232006C2452 /* SceneDelegate.swift in Sources */ = {isa = PBXBuildFile; fileRef = B3CE5B042C70C232006C2452 /* SceneDelegate.swift */; };
		B3CE5B072C70C232006C2452 /* ViewController.swift in Sources */ = {isa = PBXBuildFile; fileRef = B3CE5B062C70C232006C2452 /* ViewController.swift */; };
		B3CE5B0A2C70C232006C2452 /* Base in Resources */ = {isa = PBXBuildFile; fileRef = B3CE5B092C70C232006C2452 /* Base */; };
		B3CE5B0C2C70C234006C2452 /* Assets.xcassets in Resources */ = {isa = PBXBuildFile; fileRef = B3CE5B0B2C70C234006C2452 /* Assets.xcassets */; };
		B3CE5B0F2C70C234006C2452 /* Base in Resources */ = {isa = PBXBuildFile; fileRef = B3CE5B0E2C70C234006C2452 /* Base */; };
		B3E367F62CA591930049D148 /* DGCharts in Frameworks */ = {isa = PBXBuildFile; productRef = B3E367F52CA591930049D148 /* DGCharts */; };
		B3E367F82CA599C60049D148 /* TimeAxisValueFormatter.swift in Sources */ = {isa = PBXBuildFile; fileRef = B3E367F72CA599C60049D148 /* TimeAxisValueFormatter.swift */; };
		B3FB39192CA07AF700669021 /* BluetoothManager.swift in Sources */ = {isa = PBXBuildFile; fileRef = B3FB39182CA07AF700669021 /* BluetoothManager.swift */; };
		B3FB391B2CA07C2000669021 /* APIManager.swift in Sources */ = {isa = PBXBuildFile; fileRef = B3FB391A2CA07C2000669021 /* APIManager.swift */; };
		B3FB391D2CA07CA600669021 /* Config.swift in Sources */ = {isa = PBXBuildFile; fileRef = B3FB391C2CA07CA600669021 /* Config.swift */; };
		B3FB39202CA1EA6900669021 /* LoginController.swift in Sources */ = {isa = PBXBuildFile; fileRef = B3FB391F2CA1EA6900669021 /* LoginController.swift */; };
		B3FB39222CA1EA8C00669021 /* RegisterController.swift in Sources */ = {isa = PBXBuildFile; fileRef = B3FB39212CA1EA8C00669021 /* RegisterController.swift */; };
/* End PBXBuildFile section */

/* Begin PBXCopyFilesBuildPhase section */
		B30B479D2CA58BA8005EC0F2 /* Embed Frameworks */ = {
			isa = PBXCopyFilesBuildPhase;
			buildActionMask = 2147483647;
			dstPath = "";
			dstSubfolderSpec = 10;
			files = (
			);
			name = "Embed Frameworks";
			runOnlyForDeploymentPostprocessing = 0;
		};
/* End PBXCopyFilesBuildPhase section */

/* Begin PBXFileReference section */
		B30671CA2CA5D2A8007B22BB /* MedicationController.swift */ = {isa = PBXFileReference; lastKnownFileType = sourcecode.swift; path = MedicationController.swift; sourceTree = "<group>"; };
		B30671CC2CA5D2CC007B22BB /* AddMedicationController.swift */ = {isa = PBXFileReference; lastKnownFileType = sourcecode.swift; path = AddMedicationController.swift; sourceTree = "<group>"; };
		B30671CF2CA5D2E2007B22BB /* Day.swift */ = {isa = PBXFileReference; lastKnownFileType = sourcecode.swift; path = Day.swift; sourceTree = "<group>"; };
		B30671D22CA5D35E007B22BB /* DaysPickerView.swift */ = {isa = PBXFileReference; lastKnownFileType = sourcecode.swift; path = DaysPickerView.swift; sourceTree = "<group>"; };
		B30671D62CA6D1AD007B22BB /* Medication.swift */ = {isa = PBXFileReference; lastKnownFileType = sourcecode.swift; path = Medication.swift; sourceTree = "<group>"; };
		B31620422CA1F215001CDC90 /* InitController.swift */ = {isa = PBXFileReference; lastKnownFileType = sourcecode.swift; path = InitController.swift; sourceTree = "<group>"; };
		B392C37A2CA55ECD00594563 /* DataManager.swift */ = {isa = PBXFileReference; lastKnownFileType = sourcecode.swift; path = DataManager.swift; sourceTree = "<group>"; };
		B3A80F952CA585A000397948 /* HeartDataViewController.swift */ = {isa = PBXFileReference; lastKnownFileType = sourcecode.swift; path = HeartDataViewController.swift; sourceTree = "<group>"; };
		B3C882902CA5479E000D5754 /* User.swift */ = {isa = PBXFileReference; lastKnownFileType = sourcecode.swift; path = User.swift; sourceTree = "<group>"; };
		B3CE5AFF2C70C232006C2452 /* ElderyCare.app */ = {isa = PBXFileReference; explicitFileType = wrapper.application; includeInIndex = 0; path = ElderyCare.app; sourceTree = BUILT_PRODUCTS_DIR; };
		B3CE5B022C70C232006C2452 /* AppDelegate.swift */ = {isa = PBXFileReference; lastKnownFileType = sourcecode.swift; path = AppDelegate.swift; sourceTree = "<group>"; };
		B3CE5B042C70C232006C2452 /* SceneDelegate.swift */ = {isa = PBXFileReference; lastKnownFileType = sourcecode.swift; path = SceneDelegate.swift; sourceTree = "<group>"; };
		B3CE5B062C70C232006C2452 /* ViewController.swift */ = {isa = PBXFileReference; lastKnownFileType = sourcecode.swift; path = ViewController.swift; sourceTree = "<group>"; };
		B3CE5B092C70C232006C2452 /* Base */ = {isa = PBXFileReference; lastKnownFileType = file.storyboard; name = Base; path = Base.lproj/Main.storyboard; sourceTree = "<group>"; };
		B3CE5B0B2C70C234006C2452 /* Assets.xcassets */ = {isa = PBXFileReference; lastKnownFileType = folder.assetcatalog; name = Assets.xcassets; path = ElderyCare/Supporting/Assets.xcassets; sourceTree = SOURCE_ROOT; };
		B3CE5B0E2C70C234006C2452 /* Base */ = {isa = PBXFileReference; lastKnownFileType = file.storyboard; name = Base; path = Base.lproj/LaunchScreen.storyboard; sourceTree = "<group>"; };
		B3CE5B102C70C234006C2452 /* Info.plist */ = {isa = PBXFileReference; lastKnownFileType = text.plist.xml; path = Info.plist; sourceTree = "<group>"; };
		B3E367F72CA599C60049D148 /* TimeAxisValueFormatter.swift */ = {isa = PBXFileReference; lastKnownFileType = sourcecode.swift; path = TimeAxisValueFormatter.swift; sourceTree = "<group>"; };
		B3FB39182CA07AF700669021 /* BluetoothManager.swift */ = {isa = PBXFileReference; lastKnownFileType = sourcecode.swift; path = BluetoothManager.swift; sourceTree = "<group>"; };
		B3FB391A2CA07C2000669021 /* APIManager.swift */ = {isa = PBXFileReference; lastKnownFileType = sourcecode.swift; path = APIManager.swift; sourceTree = "<group>"; };
		B3FB391C2CA07CA600669021 /* Config.swift */ = {isa = PBXFileReference; lastKnownFileType = sourcecode.swift; path = Config.swift; sourceTree = "<group>"; };
		B3FB391F2CA1EA6900669021 /* LoginController.swift */ = {isa = PBXFileReference; lastKnownFileType = sourcecode.swift; path = LoginController.swift; sourceTree = "<group>"; };
		B3FB39212CA1EA8C00669021 /* RegisterController.swift */ = {isa = PBXFileReference; lastKnownFileType = sourcecode.swift; path = RegisterController.swift; sourceTree = "<group>"; };
/* End PBXFileReference section */

/* Begin PBXFrameworksBuildPhase section */
		B3CE5AFC2C70C232006C2452 /* Frameworks */ = {
			isa = PBXFrameworksBuildPhase;
			buildActionMask = 2147483647;
			files = (
				B3E367F62CA591930049D148 /* DGCharts in Frameworks */,
				B3A80F9B2CA587A700397948 /* DGCharts in Frameworks */,
			);
			runOnlyForDeploymentPostprocessing = 0;
		};
/* End PBXFrameworksBuildPhase section */

/* Begin PBXGroup section */
		B30671CE2CA5D2D8007B22BB /* Models */ = {
			isa = PBXGroup;
			children = (
				B30671D62CA6D1AD007B22BB /* Medication.swift */,
				B30671CF2CA5D2E2007B22BB /* Day.swift */,
				B3C882902CA5479E000D5754 /* User.swift */,
			);
			path = Models;
			sourceTree = "<group>";
		};
		B30671D12CA5D346007B22BB /* Views */ = {
			isa = PBXGroup;
			children = (
				B30671D22CA5D35E007B22BB /* DaysPickerView.swift */,
			);
			path = Views;
			sourceTree = "<group>";
		};
		B3A80F972CA585A800397948 /* ViewControllers */ = {
			isa = PBXGroup;
			children = (
				B3FB39212CA1EA8C00669021 /* RegisterController.swift */,
				B3CE5B062C70C232006C2452 /* ViewController.swift */,
				B31620422CA1F215001CDC90 /* InitController.swift */,
				B3FB391F2CA1EA6900669021 /* LoginController.swift */,
				B3A80F952CA585A000397948 /* HeartDataViewController.swift */,
				B30671CA2CA5D2A8007B22BB /* MedicationController.swift */,
				B30671CC2CA5D2CC007B22BB /* AddMedicationController.swift */,
			);
			path = ViewControllers;
			sourceTree = "<group>";
		};
		B3A80F982CA585B400397948 /* Managers */ = {
			isa = PBXGroup;
			children = (
				B3FB391A2CA07C2000669021 /* APIManager.swift */,
				B3FB39182CA07AF700669021 /* BluetoothManager.swift */,
				B392C37A2CA55ECD00594563 /* DataManager.swift */,
			);
			path = Managers;
			sourceTree = "<group>";
		};
		B3CE5AF62C70C232006C2452 = {
			isa = PBXGroup;
			children = (
				B3CE5B012C70C232006C2452 /* ElderyCare */,
				B3E367EF2CA591250049D148 /* Frameworks */,
				B3CE5B002C70C232006C2452 /* Products */,
			);
			sourceTree = "<group>";
		};
		B3CE5B002C70C232006C2452 /* Products */ = {
			isa = PBXGroup;
			children = (
				B3CE5AFF2C70C232006C2452 /* ElderyCare.app */,
			);
			name = Products;
			sourceTree = "<group>";
		};
		B3CE5B012C70C232006C2452 /* ElderyCare */ = {
			isa = PBXGroup;
			children = (
				B30671D12CA5D346007B22BB /* Views */,
				B30671CE2CA5D2D8007B22BB /* Models */,
				B3A80F982CA585B400397948 /* Managers */,
				B3A80F972CA585A800397948 /* ViewControllers */,
				B3FB391C2CA07CA600669021 /* Config.swift */,
				B3FB391E2CA1E9FA00669021 /* Supporting */,
				B3CE5B102C70C234006C2452 /* Info.plist */,
				B3CE5B082C70C232006C2452 /* Main.storyboard */,
			);
			path = ElderyCare;
			sourceTree = "<group>";
		};
		B3E367EF2CA591250049D148 /* Frameworks */ = {
			isa = PBXGroup;
			children = (
			);
			name = Frameworks;
			sourceTree = "<group>";
		};
		B3FB391E2CA1E9FA00669021 /* Supporting */ = {
			isa = PBXGroup;
			children = (
				B3E367F72CA599C60049D148 /* TimeAxisValueFormatter.swift */,
				B3CE5B042C70C232006C2452 /* SceneDelegate.swift */,
				B3CE5B022C70C232006C2452 /* AppDelegate.swift */,
				B3CE5B0B2C70C234006C2452 /* Assets.xcassets */,
				B3CE5B0D2C70C234006C2452 /* LaunchScreen.storyboard */,
			);
			path = Supporting;
			sourceTree = "<group>";
		};
/* End PBXGroup section */

/* Begin PBXNativeTarget section */
		B3CE5AFE2C70C232006C2452 /* ElderyCare */ = {
			isa = PBXNativeTarget;
			buildConfigurationList = B3CE5B132C70C234006C2452 /* Build configuration list for PBXNativeTarget "ElderyCare" */;
			buildPhases = (
				B3CE5AFB2C70C232006C2452 /* Sources */,
				B3CE5AFC2C70C232006C2452 /* Frameworks */,
				B3CE5AFD2C70C232006C2452 /* Resources */,
				B30B479D2CA58BA8005EC0F2 /* Embed Frameworks */,
			);
			buildRules = (
			);
			dependencies = (
			);
			name = ElderyCare;
			productName = ElderyCare;
			productReference = B3CE5AFF2C70C232006C2452 /* ElderyCare.app */;
			productType = "com.apple.product-type.application";
		};
/* End PBXNativeTarget section */

/* Begin PBXProject section */
		B3CE5AF72C70C232006C2452 /* Project object */ = {
			isa = PBXProject;
			attributes = {
				BuildIndependentTargetsInParallel = 1;
				LastSwiftUpdateCheck = 1540;
				LastUpgradeCheck = 1540;
				TargetAttributes = {
					B3CE5AFE2C70C232006C2452 = {
						CreatedOnToolsVersion = 15.4;
					};
				};
			};
			buildConfigurationList = B3CE5AFA2C70C232006C2452 /* Build configuration list for PBXProject "ElderyCare" */;
			developmentRegion = en;
			hasScannedForEncodings = 0;
			knownRegions = (
				en,
				Base,
			);
			mainGroup = B3CE5AF62C70C232006C2452;
			packageReferences = (
				B3E367F42CA591930049D148 /* XCRemoteSwiftPackageReference "Charts" */,
			);
			preferredProjectObjectVersion = 77;
			productRefGroup = B3CE5B002C70C232006C2452 /* Products */;
			projectDirPath = "";
			projectRoot = "";
			targets = (
				B3CE5AFE2C70C232006C2452 /* ElderyCare */,
			);
		};
/* End PBXProject section */

/* Begin PBXResourcesBuildPhase section */
		B3CE5AFD2C70C232006C2452 /* Resources */ = {
			isa = PBXResourcesBuildPhase;
			buildActionMask = 2147483647;
			files = (
				B3CE5B0C2C70C234006C2452 /* Assets.xcassets in Resources */,
				B3CE5B0F2C70C234006C2452 /* Base in Resources */,
				B3CE5B0A2C70C232006C2452 /* Base in Resources */,
			);
			runOnlyForDeploymentPostprocessing = 0;
		};
/* End PBXResourcesBuildPhase section */

/* Begin PBXSourcesBuildPhase section */
		B3CE5AFB2C70C232006C2452 /* Sources */ = {
			isa = PBXSourcesBuildPhase;
			buildActionMask = 2147483647;
			files = (
				B3CE5B072C70C232006C2452 /* ViewController.swift in Sources */,
				B31620432CA1F215001CDC90 /* InitController.swift in Sources */,
				B30671D02CA5D2E2007B22BB /* Day.swift in Sources */,
				B3CE5B032C70C232006C2452 /* AppDelegate.swift in Sources */,
				B30671CD2CA5D2CC007B22BB /* AddMedicationController.swift in Sources */,
				B3FB391B2CA07C2000669021 /* APIManager.swift in Sources */,
				B30671D32CA5D35E007B22BB /* DaysPickerView.swift in Sources */,
				B30671CB2CA5D2A8007B22BB /* MedicationController.swift in Sources */,
				B3FB39192CA07AF700669021 /* BluetoothManager.swift in Sources */,
				B3A80F962CA585A000397948 /* HeartDataViewController.swift in Sources */,
				B3FB39222CA1EA8C00669021 /* RegisterController.swift in Sources */,
				B3CE5B052C70C232006C2452 /* SceneDelegate.swift in Sources */,
				B3E367F82CA599C60049D148 /* TimeAxisValueFormatter.swift in Sources */,
				B3FB391D2CA07CA600669021 /* Config.swift in Sources */,
				B3A80F942CA565AD00397948 /* DataManager.swift in Sources */,
				B3C882912CA5479E000D5754 /* User.swift in Sources */,
				B30671D72CA6D1AD007B22BB /* Medication.swift in Sources */,
				B3FB39202CA1EA6900669021 /* LoginController.swift in Sources */,
			);
			runOnlyForDeploymentPostprocessing = 0;
		};
/* End PBXSourcesBuildPhase section */

/* Begin PBXVariantGroup section */
		B3CE5B082C70C232006C2452 /* Main.storyboard */ = {
			isa = PBXVariantGroup;
			children = (
				B3CE5B092C70C232006C2452 /* Base */,
			);
			name = Main.storyboard;
			sourceTree = "<group>";
		};
		B3CE5B0D2C70C234006C2452 /* LaunchScreen.storyboard */ = {
			isa = PBXVariantGroup;
			children = (
				B3CE5B0E2C70C234006C2452 /* Base */,
			);
			name = LaunchScreen.storyboard;
			sourceTree = "<group>";
		};
/* End PBXVariantGroup section */

/* Begin XCBuildConfiguration section */
		B3CE5B112C70C234006C2452 /* Debug */ = {
			isa = XCBuildConfiguration;
			buildSettings = {
				ALWAYS_SEARCH_USER_PATHS = NO;
				ASSETCATALOG_COMPILER_GENERATE_SWIFT_ASSET_SYMBOL_EXTENSIONS = YES;
				CLANG_ANALYZER_NONNULL = YES;
				CLANG_ANALYZER_NUMBER_OBJECT_CONVERSION = YES_AGGRESSIVE;
				CLANG_CXX_LANGUAGE_STANDARD = "gnu++20";
				CLANG_ENABLE_MODULES = YES;
				CLANG_ENABLE_OBJC_ARC = YES;
				CLANG_ENABLE_OBJC_WEAK = YES;
				CLANG_WARN_BLOCK_CAPTURE_AUTORELEASING = YES;
				CLANG_WARN_BOOL_CONVERSION = YES;
				CLANG_WARN_COMMA = YES;
				CLANG_WARN_CONSTANT_CONVERSION = YES;
				CLANG_WARN_DEPRECATED_OBJC_IMPLEMENTATIONS = YES;
				CLANG_WARN_DIRECT_OBJC_ISA_USAGE = YES_ERROR;
				CLANG_WARN_DOCUMENTATION_COMMENTS = YES;
				CLANG_WARN_EMPTY_BODY = YES;
				CLANG_WARN_ENUM_CONVERSION = YES;
				CLANG_WARN_INFINITE_RECURSION = YES;
				CLANG_WARN_INT_CONVERSION = YES;
				CLANG_WARN_NON_LITERAL_NULL_CONVERSION = YES;
				CLANG_WARN_OBJC_IMPLICIT_RETAIN_SELF = YES;
				CLANG_WARN_OBJC_LITERAL_CONVERSION = YES;
				CLANG_WARN_OBJC_ROOT_CLASS = YES_ERROR;
				CLANG_WARN_QUOTED_INCLUDE_IN_FRAMEWORK_HEADER = YES;
				CLANG_WARN_RANGE_LOOP_ANALYSIS = YES;
				CLANG_WARN_STRICT_PROTOTYPES = YES;
				CLANG_WARN_SUSPICIOUS_MOVE = YES;
				CLANG_WARN_UNGUARDED_AVAILABILITY = YES_AGGRESSIVE;
				CLANG_WARN_UNREACHABLE_CODE = YES;
				CLANG_WARN__DUPLICATE_METHOD_MATCH = YES;
				COPY_PHASE_STRIP = NO;
				DEBUG_INFORMATION_FORMAT = dwarf;
				ENABLE_STRICT_OBJC_MSGSEND = YES;
				ENABLE_TESTABILITY = YES;
				ENABLE_USER_SCRIPT_SANDBOXING = YES;
				GCC_C_LANGUAGE_STANDARD = gnu17;
				GCC_DYNAMIC_NO_PIC = NO;
				GCC_NO_COMMON_BLOCKS = YES;
				GCC_OPTIMIZATION_LEVEL = 0;
				GCC_PREPROCESSOR_DEFINITIONS = (
					"DEBUG=1",
					"$(inherited)",
				);
				GCC_WARN_64_TO_32_BIT_CONVERSION = YES;
				GCC_WARN_ABOUT_RETURN_TYPE = YES_ERROR;
				GCC_WARN_UNDECLARED_SELECTOR = YES;
				GCC_WARN_UNINITIALIZED_AUTOS = YES_AGGRESSIVE;
				GCC_WARN_UNUSED_FUNCTION = YES;
				GCC_WARN_UNUSED_VARIABLE = YES;
				IPHONEOS_DEPLOYMENT_TARGET = 17.5;
				LOCALIZATION_PREFERS_STRING_CATALOGS = YES;
				MTL_ENABLE_DEBUG_INFO = INCLUDE_SOURCE;
				MTL_FAST_MATH = YES;
				ONLY_ACTIVE_ARCH = YES;
				SDKROOT = iphoneos;
				SWIFT_ACTIVE_COMPILATION_CONDITIONS = "DEBUG $(inherited)";
				SWIFT_OPTIMIZATION_LEVEL = "-Onone";
			};
			name = Debug;
		};
		B3CE5B122C70C234006C2452 /* Release */ = {
			isa = XCBuildConfiguration;
			buildSettings = {
				ALWAYS_SEARCH_USER_PATHS = NO;
				ASSETCATALOG_COMPILER_GENERATE_SWIFT_ASSET_SYMBOL_EXTENSIONS = YES;
				CLANG_ANALYZER_NONNULL = YES;
				CLANG_ANALYZER_NUMBER_OBJECT_CONVERSION = YES_AGGRESSIVE;
				CLANG_CXX_LANGUAGE_STANDARD = "gnu++20";
				CLANG_ENABLE_MODULES = YES;
				CLANG_ENABLE_OBJC_ARC = YES;
				CLANG_ENABLE_OBJC_WEAK = YES;
				CLANG_WARN_BLOCK_CAPTURE_AUTORELEASING = YES;
				CLANG_WARN_BOOL_CONVERSION = YES;
				CLANG_WARN_COMMA = YES;
				CLANG_WARN_CONSTANT_CONVERSION = YES;
				CLANG_WARN_DEPRECATED_OBJC_IMPLEMENTATIONS = YES;
				CLANG_WARN_DIRECT_OBJC_ISA_USAGE = YES_ERROR;
				CLANG_WARN_DOCUMENTATION_COMMENTS = YES;
				CLANG_WARN_EMPTY_BODY = YES;
				CLANG_WARN_ENUM_CONVERSION = YES;
				CLANG_WARN_INFINITE_RECURSION = YES;
				CLANG_WARN_INT_CONVERSION = YES;
				CLANG_WARN_NON_LITERAL_NULL_CONVERSION = YES;
				CLANG_WARN_OBJC_IMPLICIT_RETAIN_SELF = YES;
				CLANG_WARN_OBJC_LITERAL_CONVERSION = YES;
				CLANG_WARN_OBJC_ROOT_CLASS = YES_ERROR;
				CLANG_WARN_QUOTED_INCLUDE_IN_FRAMEWORK_HEADER = YES;
				CLANG_WARN_RANGE_LOOP_ANALYSIS = YES;
				CLANG_WARN_STRICT_PROTOTYPES = YES;
				CLANG_WARN_SUSPICIOUS_MOVE = YES;
				CLANG_WARN_UNGUARDED_AVAILABILITY = YES_AGGRESSIVE;
				CLANG_WARN_UNREACHABLE_CODE = YES;
				CLANG_WARN__DUPLICATE_METHOD_MATCH = YES;
				COPY_PHASE_STRIP = NO;
				DEBUG_INFORMATION_FORMAT = "dwarf-with-dsym";
				ENABLE_NS_ASSERTIONS = NO;
				ENABLE_STRICT_OBJC_MSGSEND = YES;
				ENABLE_USER_SCRIPT_SANDBOXING = YES;
				GCC_C_LANGUAGE_STANDARD = gnu17;
				GCC_NO_COMMON_BLOCKS = YES;
				GCC_WARN_64_TO_32_BIT_CONVERSION = YES;
				GCC_WARN_ABOUT_RETURN_TYPE = YES_ERROR;
				GCC_WARN_UNDECLARED_SELECTOR = YES;
				GCC_WARN_UNINITIALIZED_AUTOS = YES_AGGRESSIVE;
				GCC_WARN_UNUSED_FUNCTION = YES;
				GCC_WARN_UNUSED_VARIABLE = YES;
				IPHONEOS_DEPLOYMENT_TARGET = 17.5;
				LOCALIZATION_PREFERS_STRING_CATALOGS = YES;
				MTL_ENABLE_DEBUG_INFO = NO;
				MTL_FAST_MATH = YES;
				SDKROOT = iphoneos;
				SWIFT_COMPILATION_MODE = wholemodule;
				VALIDATE_PRODUCT = YES;
			};
			name = Release;
		};
		B3CE5B142C70C234006C2452 /* Debug */ = {
			isa = XCBuildConfiguration;
			buildSettings = {
				ASSETCATALOG_COMPILER_APPICON_NAME = AppIcon;
				ASSETCATALOG_COMPILER_GLOBAL_ACCENT_COLOR_NAME = AccentColor;
				CODE_SIGN_STYLE = Automatic;
				CURRENT_PROJECT_VERSION = 1;
				DEVELOPMENT_TEAM = DGNQ78PYKF;
				GENERATE_INFOPLIST_FILE = YES;
				INFOPLIST_FILE = ElderyCare/Info.plist;
				INFOPLIST_KEY_NSBluetoothAlwaysUsageDescription = "";
				INFOPLIST_KEY_NSBluetoothPeripheralUsageDescription = "";
				INFOPLIST_KEY_UIApplicationSupportsIndirectInputEvents = YES;
				INFOPLIST_KEY_UILaunchStoryboardName = LaunchScreen;
				INFOPLIST_KEY_UIMainStoryboardFile = Main;
				INFOPLIST_KEY_UISupportedInterfaceOrientations_iPad = "UIInterfaceOrientationPortrait UIInterfaceOrientationPortraitUpsideDown UIInterfaceOrientationLandscapeLeft UIInterfaceOrientationLandscapeRight";
				INFOPLIST_KEY_UISupportedInterfaceOrientations_iPhone = "UIInterfaceOrientationPortrait UIInterfaceOrientationLandscapeLeft UIInterfaceOrientationLandscapeRight";
				LD_RUNPATH_SEARCH_PATHS = (
					"$(inherited)",
					"@executable_path/Frameworks",
				);
				MARKETING_VERSION = 1.0;
				PRODUCT_BUNDLE_IDENTIFIER = DM.ElderyCare;
				PRODUCT_NAME = "$(TARGET_NAME)";
				SWIFT_EMIT_LOC_STRINGS = YES;
				SWIFT_VERSION = 5.0;
				TARGETED_DEVICE_FAMILY = "1,2";
			};
			name = Debug;
		};
		B3CE5B152C70C234006C2452 /* Release */ = {
			isa = XCBuildConfiguration;
			buildSettings = {
				ASSETCATALOG_COMPILER_APPICON_NAME = AppIcon;
				ASSETCATALOG_COMPILER_GLOBAL_ACCENT_COLOR_NAME = AccentColor;
				CODE_SIGN_STYLE = Automatic;
				CURRENT_PROJECT_VERSION = 1;
				DEVELOPMENT_TEAM = DGNQ78PYKF;
				GENERATE_INFOPLIST_FILE = YES;
				INFOPLIST_FILE = ElderyCare/Info.plist;
				INFOPLIST_KEY_NSBluetoothAlwaysUsageDescription = "";
				INFOPLIST_KEY_NSBluetoothPeripheralUsageDescription = "";
				INFOPLIST_KEY_UIApplicationSupportsIndirectInputEvents = YES;
				INFOPLIST_KEY_UILaunchStoryboardName = LaunchScreen;
				INFOPLIST_KEY_UIMainStoryboardFile = Main;
				INFOPLIST_KEY_UISupportedInterfaceOrientations_iPad = "UIInterfaceOrientationPortrait UIInterfaceOrientationPortraitUpsideDown UIInterfaceOrientationLandscapeLeft UIInterfaceOrientationLandscapeRight";
				INFOPLIST_KEY_UISupportedInterfaceOrientations_iPhone = "UIInterfaceOrientationPortrait UIInterfaceOrientationLandscapeLeft UIInterfaceOrientationLandscapeRight";
				LD_RUNPATH_SEARCH_PATHS = (
					"$(inherited)",
					"@executable_path/Frameworks",
				);
				MARKETING_VERSION = 1.0;
				PRODUCT_BUNDLE_IDENTIFIER = DM.ElderyCare;
				PRODUCT_NAME = "$(TARGET_NAME)";
				SWIFT_EMIT_LOC_STRINGS = YES;
				SWIFT_VERSION = 5.0;
				TARGETED_DEVICE_FAMILY = "1,2";
			};
			name = Release;
		};
/* End XCBuildConfiguration section */

/* Begin XCConfigurationList section */
		B3CE5AFA2C70C232006C2452 /* Build configuration list for PBXProject "ElderyCare" */ = {
			isa = XCConfigurationList;
			buildConfigurations = (
				B3CE5B112C70C234006C2452 /* Debug */,
				B3CE5B122C70C234006C2452 /* Release */,
			);
			defaultConfigurationIsVisible = 0;
			defaultConfigurationName = Release;
		};
		B3CE5B132C70C234006C2452 /* Build configuration list for PBXNativeTarget "ElderyCare" */ = {
			isa = XCConfigurationList;
			buildConfigurations = (
				B3CE5B142C70C234006C2452 /* Debug */,
				B3CE5B152C70C234006C2452 /* Release */,
			);
			defaultConfigurationIsVisible = 0;
			defaultConfigurationName = Release;
		};
/* End XCConfigurationList section */

/* Begin XCRemoteSwiftPackageReference section */
		B3A80F992CA587A700397948 /* XCRemoteSwiftPackageReference "Charts" */ = {
			isa = XCRemoteSwiftPackageReference;
			repositoryURL = "https://github.com/danielgindi/Charts";
			requirement = {
				kind = upToNextMajorVersion;
				minimumVersion = 5.1.0;
			};
		};
		B3E367F42CA591930049D148 /* XCRemoteSwiftPackageReference "Charts" */ = {
			isa = XCRemoteSwiftPackageReference;
			repositoryURL = "https://github.com/danielgindi/Charts";
			requirement = {
				kind = upToNextMajorVersion;
				minimumVersion = 5.1.0;
			};
		};
/* End XCRemoteSwiftPackageReference section */

/* Begin XCSwiftPackageProductDependency section */
		B3A80F9A2CA587A700397948 /* DGCharts */ = {
			isa = XCSwiftPackageProductDependency;
			package = B3A80F992CA587A700397948 /* XCRemoteSwiftPackageReference "Charts" */;
			productName = DGCharts;
		};
		B3E367F52CA591930049D148 /* DGCharts */ = {
			isa = XCSwiftPackageProductDependency;
			package = B3E367F42CA591930049D148 /* XCRemoteSwiftPackageReference "Charts" */;
			productName = DGCharts;
		};
/* End XCSwiftPackageProductDependency section */
	};
	rootObject = B3CE5AF72C70C232006C2452 /* Project object */;
}
